// !$*UTF8*$!
{
	archiveVersion = 1;
	classes = {
	};
	objectVersion = 77;
	objects = {

/* Begin PBXBuildFile section */
		5525B93D2F294C470067F16A /* .gitignore in Resources */ = {isa = PBXBuildFile; fileRef = 5525B93C2F294C470067F16A /* .gitignore */; };
		5525B93F2F294E210067F16A /* README.md in Resources */ = {isa = PBXBuildFile; fileRef = 5525B93E2F294E210067F16A /* README.md */; };
		553A27842F52A7C800F9B9B9 /* MicropepysCore in Frameworks */ = {isa = PBXBuildFile; productRef = 553A27832F52A7C800F9B9B9 /* MicropepysCore */; };
/* End PBXBuildFile section */

/* Begin PBXContainerItemProxy section */
		55A7EDAC2EBD3A6C00D833F0 /* PBXContainerItemProxy */ = {
			isa = PBXContainerItemProxy;
			containerPortal = 55A7ED942EBD3A6A00D833F0 /* Project object */;
			proxyType = 1;
			remoteGlobalIDString = 55A7ED9B2EBD3A6A00D833F0;
			remoteInfo = Micropepys;
		};
/* End PBXContainerItemProxy section */

/* Begin PBXFileReference section */
		5525B93C2F294C470067F16A /* .gitignore */ = {isa = PBXFileReference; lastKnownFileType = text; path = .gitignore; sourceTree = "<group>"; };
		5525B93E2F294E210067F16A /* README.md */ = {isa = PBXFileReference; lastKnownFileType = net.daringfireball.markdown; path = README.md; sourceTree = "<group>"; };
		55A7ED9C2EBD3A6A00D833F0 /* Micropepys.app */ = {isa = PBXFileReference; explicitFileType = wrapper.application; includeInIndex = 0; path = Micropepys.app; sourceTree = BUILT_PRODUCTS_DIR; };
		55A7EDAB2EBD3A6C00D833F0 /* MicropepysTests.xctest */ = {isa = PBXFileReference; explicitFileType = wrapper.cfbundle; includeInIndex = 0; path = MicropepysTests.xctest; sourceTree = BUILT_PRODUCTS_DIR; };
/* End PBXFileReference section */

/* Begin PBXFileSystemSynchronizedRootGroup section */
		55A7ED9E2EBD3A6A00D833F0 /* Micropepys */ = {
			isa = PBXFileSystemSynchronizedRootGroup;
			path = Micropepys;
			sourceTree = "<group>";
		};
		55A7EDAE2EBD3A6C00D833F0 /* MicropepysTests */ = {
			isa = PBXFileSystemSynchronizedRootGroup;
			path = MicropepysTests;
			sourceTree = "<group>";
		};
/* End PBXFileSystemSynchronizedRootGroup section */

/* Begin PBXFrameworksBuildPhase section */
		55A7ED992EBD3A6A00D833F0 /* Frameworks */ = {
			isa = PBXFrameworksBuildPhase;
			buildActionMask = 2147483647;
			files = (
				553A27842F52A7C800F9B9B9 /* MicropepysCore in Frameworks */,
			);
			runOnlyForDeploymentPostprocessing = 0;
		};
		55A7EDA82EBD3A6C00D833F0 /* Frameworks */ = {
			isa = PBXFrameworksBuildPhase;
			buildActionMask = 2147483647;
			files = (
			);
			runOnlyForDeploymentPostprocessing = 0;
		};
/* End PBXFrameworksBuildPhase section */

/* Begin PBXGroup section */
		553A27822F52A7C800F9B9B9 /* Frameworks */ = {
			isa = PBXGroup;
			children = (
			);
			name = Frameworks;
			sourceTree = "<group>";
		};
		55A7ED932EBD3A6A00D833F0 = {
			isa = PBXGroup;
			children = (
				55A7ED9E2EBD3A6A00D833F0 /* Micropepys */,
				55A7EDAE2EBD3A6C00D833F0 /* MicropepysTests */,
				55A7ED9D2EBD3A6A00D833F0 /* Products */,
				5525B93C2F294C470067F16A /* .gitignore */,
				5525B93E2F294E210067F16A /* README.md */,
				553A27822F52A7C800F9B9B9 /* Frameworks */,
			);
			sourceTree = "<group>";
		};
		55A7ED9D2EBD3A6A00D833F0 /* Products */ = {
			isa = PBXGroup;
			children = (
				55A7ED9C2EBD3A6A00D833F0 /* Micropepys.app */,
				55A7EDAB2EBD3A6C00D833F0 /* MicropepysTests.xctest */,
			);
			name = Products;
			sourceTree = "<group>";
		};
/* End PBXGroup section */

/* Begin PBXNativeTarget section */
		55A7ED9B2EBD3A6A00D833F0 /* Micropepys */ = {
			isa = PBXNativeTarget;
			buildConfigurationList = 55A7EDBF2EBD3A6C00D833F0 /* Build configuration list for PBXNativeTarget "Micropepys" */;
			buildPhases = (
				55A7ED982EBD3A6A00D833F0 /* Sources */,
				55A7ED992EBD3A6A00D833F0 /* Frameworks */,
				55A7ED9A2EBD3A6A00D833F0 /* Resources */,
			);
			buildRules = (
			);
			dependencies = (
			);
			fileSystemSynchronizedGroups = (
				55A7ED9E2EBD3A6A00D833F0 /* Micropepys */,
			);
			name = Micropepys;
			packageProductDependencies = (
				553A27832F52A7C800F9B9B9 /* MicropepysCore */,
			);
			productName = Micropepys;
			productReference = 55A7ED9C2EBD3A6A00D833F0 /* Micropepys.app */;
			productType = "com.apple.product-type.application";
		};
		55A7EDAA2EBD3A6C00D833F0 /* MicropepysTests */ = {
			isa = PBXNativeTarget;
			buildConfigurationList = 55A7EDC22EBD3A6C00D833F0 /* Build configuration list for PBXNativeTarget "MicropepysTests" */;
			buildPhases = (
				55A7EDA72EBD3A6C00D833F0 /* Sources */,
				55A7EDA82EBD3A6C00D833F0 /* Frameworks */,
				55A7EDA92EBD3A6C00D833F0 /* Resources */,
			);
			buildRules = (
			);
			dependencies = (
				55A7EDAD2EBD3A6C00D833F0 /* PBXTargetDependency */,
			);
			fileSystemSynchronizedGroups = (
				55A7EDAE2EBD3A6C00D833F0 /* MicropepysTests */,
			);
			name = MicropepysTests;
			packageProductDependencies = (
			);
			productName = MicropepysTests;
			productReference = 55A7EDAB2EBD3A6C00D833F0 /* MicropepysTests.xctest */;
			productType = "com.apple.product-type.bundle.unit-test";
		};
/* End PBXNativeTarget section */

/* Begin PBXProject section */
		55A7ED942EBD3A6A00D833F0 /* Project object */ = {
			isa = PBXProject;
			attributes = {
				BuildIndependentTargetsInParallel = 1;
				LastSwiftUpdateCheck = 2610;
				LastUpgradeCheck = 2610;
				TargetAttributes = {
					55A7ED9B2EBD3A6A00D833F0 = {
						CreatedOnToolsVersion = 26.1;
					};
					55A7EDAA2EBD3A6C00D833F0 = {
						CreatedOnToolsVersion = 26.1;
						TestTargetID = 55A7ED9B2EBD3A6A00D833F0;
					};
				};
			};
			buildConfigurationList = 55A7ED972EBD3A6A00D833F0 /* Build configuration list for PBXProject "Micropepys" */;
			developmentRegion = en;
			hasScannedForEncodings = 0;
			knownRegions = (
				en,
				Base,
			);
			mainGroup = 55A7ED932EBD3A6A00D833F0;
			minimizedProjectReferenceProxies = 1;
			packageReferences = (
				553A27812F52A59700F9B9B9 /* XCLocalSwiftPackageReference "MicropepysCore" */,
			);
			preferredProjectObjectVersion = 77;
			productRefGroup = 55A7ED9D2EBD3A6A00D833F0 /* Products */;
			projectDirPath = "";
			projectRoot = "";
			targets = (
				55A7ED9B2EBD3A6A00D833F0 /* Micropepys */,
				55A7EDAA2EBD3A6C00D833F0 /* MicropepysTests */,
			);
		};
/* End PBXProject section */

/* Begin PBXResourcesBuildPhase section */
		55A7ED9A2EBD3A6A00D833F0 /* Resources */ = {
			isa = PBXResourcesBuildPhase;
			buildActionMask = 2147483647;
			files = (
				5525B93F2F294E210067F16A /* README.md in Resources */,
				5525B93D2F294C470067F16A /* .gitignore in Resources */,
			);
			runOnlyForDeploymentPostprocessing = 0;
		};
		55A7EDA92EBD3A6C00D833F0 /* Resources */ = {
			isa = PBXResourcesBuildPhase;
			buildActionMask = 2147483647;
			files = (
			);
			runOnlyForDeploymentPostprocessing = 0;
		};
/* End PBXResourcesBuildPhase section */

/* Begin PBXSourcesBuildPhase section */
		55A7ED982EBD3A6A00D833F0 /* Sources */ = {
			isa = PBXSourcesBuildPhase;
			buildActionMask = 2147483647;
			files = (
			);
			runOnlyForDeploymentPostprocessing = 0;
		};
		55A7EDA72EBD3A6C00D833F0 /* Sources */ = {
			isa = PBXSourcesBuildPhase;
			buildActionMask = 2147483647;
			files = (
			);
			runOnlyForDeploymentPostprocessing = 0;
		};
/* End PBXSourcesBuildPhase section */

/* Begin PBXTargetDependency section */
		55A7EDAD2EBD3A6C00D833F0 /* PBXTargetDependency */ = {
			isa = PBXTargetDependency;
			target = 55A7ED9B2EBD3A6A00D833F0 /* Micropepys */;
			targetProxy = 55A7EDAC2EBD3A6C00D833F0 /* PBXContainerItemProxy */;
		};
/* End PBXTargetDependency section */

/* Begin XCBuildConfiguration section */
		55A7EDBD2EBD3A6C00D833F0 /* Debug */ = {
			isa = XCBuildConfiguration;
			buildSettings = {
				ALWAYS_SEARCH_USER_PATHS = NO;
				ASSETCATALOG_COMPILER_GENERATE_SWIFT_ASSET_SYMBOL_EXTENSIONS = YES;
				CLANG_ANALYZER_NONNULL = YES;
				CLANG_ANALYZER_NUMBER_OBJECT_CONVERSION = YES_AGGRESSIVE;
				CLANG_CXX_LANGUAGE_STANDARD = "gnu++20";
				CLANG_ENABLE_MODULES = YES;
				CLANG_ENABLE_OBJC_ARC = YES;
				CLANG_ENABLE_OBJC_WEAK = YES;
				CLANG_WARN_BLOCK_CAPTURE_AUTORELEASING = YES;
				CLANG_WARN_BOOL_CONVERSION = YES;
				CLANG_WARN_COMMA = YES;
				CLANG_WARN_CONSTANT_CONVERSION = YES;
				CLANG_WARN_DEPRECATED_OBJC_IMPLEMENTATIONS = YES;
				CLANG_WARN_DIRECT_OBJC_ISA_USAGE = YES_ERROR;
				CLANG_WARN_DOCUMENTATION_COMMENTS = YES;
				CLANG_WARN_EMPTY_BODY = YES;
				CLANG_WARN_ENUM_CONVERSION = YES;
				CLANG_WARN_INFINITE_RECURSION = YES;
				CLANG_WARN_INT_CONVERSION = YES;
				CLANG_WARN_NON_LITERAL_NULL_CONVERSION = YES;
				CLANG_WARN_OBJC_IMPLICIT_RETAIN_SELF = YES;
				CLANG_WARN_OBJC_LITERAL_CONVERSION = YES;
				CLANG_WARN_OBJC_ROOT_CLASS = YES_ERROR;
				CLANG_WARN_QUOTED_INCLUDE_IN_FRAMEWORK_HEADER = YES;
				CLANG_WARN_RANGE_LOOP_ANALYSIS = YES;
				CLANG_WARN_STRICT_PROTOTYPES = YES;
				CLANG_WARN_SUSPICIOUS_MOVE = YES;
				CLANG_WARN_UNGUARDED_AVAILABILITY = YES_AGGRESSIVE;
				CLANG_WARN_UNREACHABLE_CODE = YES;
				CLANG_WARN__DUPLICATE_METHOD_MATCH = YES;
				COPY_PHASE_STRIP = NO;
				DEBUG_INFORMATION_FORMAT = dwarf;
				ENABLE_STRICT_OBJC_MSGSEND = YES;
				ENABLE_TESTABILITY = YES;
				ENABLE_USER_SCRIPT_SANDBOXING = YES;
				GCC_C_LANGUAGE_STANDARD = gnu17;
				GCC_DYNAMIC_NO_PIC = NO;
				GCC_NO_COMMON_BLOCKS = YES;
				GCC_OPTIMIZATION_LEVEL = 0;
				GCC_PREPROCESSOR_DEFINITIONS = (
					"DEBUG=1",
					"$(inherited)",
				);
				GCC_WARN_64_TO_32_BIT_CONVERSION = YES;
				GCC_WARN_ABOUT_RETURN_TYPE = YES_ERROR;
				GCC_WARN_UNDECLARED_SELECTOR = YES;
				GCC_WARN_UNINITIALIZED_AUTOS = YES_AGGRESSIVE;
				GCC_WARN_UNUSED_FUNCTION = YES;
				GCC_WARN_UNUSED_VARIABLE = YES;
				LOCALIZATION_PREFERS_STRING_CATALOGS = YES;
				MACOSX_DEPLOYMENT_TARGET = 26.0;
				MTL_ENABLE_DEBUG_INFO = INCLUDE_SOURCE;
				MTL_FAST_MATH = YES;
				ONLY_ACTIVE_ARCH = YES;
				SDKROOT = macosx;
				SWIFT_ACTIVE_COMPILATION_CONDITIONS = "DEBUG $(inherited)";
				SWIFT_OPTIMIZATION_LEVEL = "-Onone";
			};
			name = Debug;
		};
		55A7EDBE2EBD3A6C00D833F0 /* Release */ = {
			isa = XCBuildConfiguration;
			buildSettings = {
				ALWAYS_SEARCH_USER_PATHS = NO;
				ASSETCATALOG_COMPILER_GENERATE_SWIFT_ASSET_SYMBOL_EXTENSIONS = YES;
				CLANG_ANALYZER_NONNULL = YES;
				CLANG_ANALYZER_NUMBER_OBJECT_CONVERSION = YES_AGGRESSIVE;
				CLANG_CXX_LANGUAGE_STANDARD = "gnu++20";
				CLANG_ENABLE_MODULES = YES;
				CLANG_ENABLE_OBJC_ARC = YES;
				CLANG_ENABLE_OBJC_WEAK = YES;
				CLANG_WARN_BLOCK_CAPTURE_AUTORELEASING = YES;
				CLANG_WARN_BOOL_CONVERSION = YES;
				CLANG_WARN_COMMA = YES;
				CLANG_WARN_CONSTANT_CONVERSION = YES;
				CLANG_WARN_DEPRECATED_OBJC_IMPLEMENTATIONS = YES;
				CLANG_WARN_DIRECT_OBJC_ISA_USAGE = YES_ERROR;
				CLANG_WARN_DOCUMENTATION_COMMENTS = YES;
				CLANG_WARN_EMPTY_BODY = YES;
				CLANG_WARN_ENUM_CONVERSION = YES;
				CLANG_WARN_INFINITE_RECURSION = YES;
				CLANG_WARN_INT_CONVERSION = YES;
				CLANG_WARN_NON_LITERAL_NULL_CONVERSION = YES;
				CLANG_WARN_OBJC_IMPLICIT_RETAIN_SELF = YES;
				CLANG_WARN_OBJC_LITERAL_CONVERSION = YES;
				CLANG_WARN_OBJC_ROOT_CLASS = YES_ERROR;
				CLANG_WARN_QUOTED_INCLUDE_IN_FRAMEWORK_HEADER = YES;
				CLANG_WARN_RANGE_LOOP_ANALYSIS = YES;
				CLANG_WARN_STRICT_PROTOTYPES = YES;
				CLANG_WARN_SUSPICIOUS_MOVE = YES;
				CLANG_WARN_UNGUARDED_AVAILABILITY = YES_AGGRESSIVE;
				CLANG_WARN_UNREACHABLE_CODE = YES;
				CLANG_WARN__DUPLICATE_METHOD_MATCH = YES;
				COPY_PHASE_STRIP = NO;
				DEBUG_INFORMATION_FORMAT = "dwarf-with-dsym";
				ENABLE_NS_ASSERTIONS = NO;
				ENABLE_STRICT_OBJC_MSGSEND = YES;
				ENABLE_USER_SCRIPT_SANDBOXING = YES;
				GCC_C_LANGUAGE_STANDARD = gnu17;
				GCC_NO_COMMON_BLOCKS = YES;
				GCC_WARN_64_TO_32_BIT_CONVERSION = YES;
				GCC_WARN_ABOUT_RETURN_TYPE = YES_ERROR;
				GCC_WARN_UNDECLARED_SELECTOR = YES;
				GCC_WARN_UNINITIALIZED_AUTOS = YES_AGGRESSIVE;
				GCC_WARN_UNUSED_FUNCTION = YES;
				GCC_WARN_UNUSED_VARIABLE = YES;
				LOCALIZATION_PREFERS_STRING_CATALOGS = YES;
				MACOSX_DEPLOYMENT_TARGET = 26.0;
				MTL_ENABLE_DEBUG_INFO = NO;
				MTL_FAST_MATH = YES;
				SDKROOT = macosx;
				SWIFT_COMPILATION_MODE = wholemodule;
			};
			name = Release;
		};
		55A7EDC02EBD3A6C00D833F0 /* Debug */ = {
			isa = XCBuildConfiguration;
			buildSettings = {
				ASSETCATALOG_COMPILER_APPICON_NAME = AppIcon;
				ASSETCATALOG_COMPILER_GLOBAL_ACCENT_COLOR_NAME = AccentColor;
				CODE_SIGN_STYLE = Automatic;
				COMBINE_HIDPI_IMAGES = YES;
				CURRENT_PROJECT_VERSION = 1;
				ENABLE_APP_SANDBOX = YES;
				ENABLE_PREVIEWS = YES;
				ENABLE_USER_SELECTED_FILES = readonly;
				GENERATE_INFOPLIST_FILE = YES;
				INFOPLIST_KEY_NSHumanReadableCopyright = "";
				LD_RUNPATH_SEARCH_PATHS = (
					"$(inherited)",
					"@executable_path/../Frameworks",
				);
				MARKETING_VERSION = 1.0;
				PRODUCT_BUNDLE_IDENTIFIER = io.github.osipaandr.Micropepys;
				PRODUCT_NAME = "$(TARGET_NAME)";
				REGISTER_APP_GROUPS = YES;
				STRING_CATALOG_GENERATE_SYMBOLS = YES;
				SWIFT_APPROACHABLE_CONCURRENCY = YES;
				SWIFT_DEFAULT_ACTOR_ISOLATION = MainActor;
				SWIFT_EMIT_LOC_STRINGS = YES;
				SWIFT_UPCOMING_FEATURE_MEMBER_IMPORT_VISIBILITY = YES;
				SWIFT_VERSION = 5.0;
			};
			name = Debug;
		};
		55A7EDC12EBD3A6C00D833F0 /* Release */ = {
			isa = XCBuildConfiguration;
			buildSettings = {
				ASSETCATALOG_COMPILER_APPICON_NAME = AppIcon;
				ASSETCATALOG_COMPILER_GLOBAL_ACCENT_COLOR_NAME = AccentColor;
				CODE_SIGN_STYLE = Automatic;
				COMBINE_HIDPI_IMAGES = YES;
				CURRENT_PROJECT_VERSION = 1;
				ENABLE_APP_SANDBOX = YES;
				ENABLE_PREVIEWS = YES;
				ENABLE_USER_SELECTED_FILES = readonly;
				GENERATE_INFOPLIST_FILE = YES;
				INFOPLIST_KEY_NSHumanReadableCopyright = "";
				LD_RUNPATH_SEARCH_PATHS = (
					"$(inherited)",
					"@executable_path/../Frameworks",
				);
				MARKETING_VERSION = 1.0;
				PRODUCT_BUNDLE_IDENTIFIER = io.github.osipaandr.Micropepys;
				PRODUCT_NAME = "$(TARGET_NAME)";
				REGISTER_APP_GROUPS = YES;
				STRING_CATALOG_GENERATE_SYMBOLS = YES;
				SWIFT_APPROACHABLE_CONCURRENCY = YES;
				SWIFT_DEFAULT_ACTOR_ISOLATION = MainActor;
				SWIFT_EMIT_LOC_STRINGS = YES;
				SWIFT_UPCOMING_FEATURE_MEMBER_IMPORT_VISIBILITY = YES;
				SWIFT_VERSION = 5.0;
			};
			name = Release;
		};
		55A7EDC32EBD3A6C00D833F0 /* Debug */ = {
			isa = XCBuildConfiguration;
			buildSettings = {
				BUNDLE_LOADER = "$(TEST_HOST)";
				CODE_SIGN_STYLE = Automatic;
				CURRENT_PROJECT_VERSION = 1;
				GENERATE_INFOPLIST_FILE = YES;
				MACOSX_DEPLOYMENT_TARGET = 26.0;
				MARKETING_VERSION = 1.0;
				PRODUCT_BUNDLE_IDENTIFIER = io.github.osipaandr.MicropepysTests;
				PRODUCT_NAME = "$(TARGET_NAME)";
				STRING_CATALOG_GENERATE_SYMBOLS = NO;
				SWIFT_APPROACHABLE_CONCURRENCY = YES;
				SWIFT_EMIT_LOC_STRINGS = NO;
				SWIFT_UPCOMING_FEATURE_MEMBER_IMPORT_VISIBILITY = YES;
				SWIFT_VERSION = 5.0;
				TEST_HOST = "$(BUILT_PRODUCTS_DIR)/Micropepys.app/$(BUNDLE_EXECUTABLE_FOLDER_PATH)/Micropepys";
			};
			name = Debug;
		};
		55A7EDC42EBD3A6C00D833F0 /* Release */ = {
			isa = XCBuildConfiguration;
			buildSettings = {
				BUNDLE_LOADER = "$(TEST_HOST)";
				CODE_SIGN_STYLE = Automatic;
				CURRENT_PROJECT_VERSION = 1;
				GENERATE_INFOPLIST_FILE = YES;
				MACOSX_DEPLOYMENT_TARGET = 26.0;
				MARKETING_VERSION = 1.0;
				PRODUCT_BUNDLE_IDENTIFIER = io.github.osipaandr.MicropepysTests;
				PRODUCT_NAME = "$(TARGET_NAME)";
				STRING_CATALOG_GENERATE_SYMBOLS = NO;
				SWIFT_APPROACHABLE_CONCURRENCY = YES;
				SWIFT_EMIT_LOC_STRINGS = NO;
				SWIFT_UPCOMING_FEATURE_MEMBER_IMPORT_VISIBILITY = YES;
				SWIFT_VERSION = 5.0;
				TEST_HOST = "$(BUILT_PRODUCTS_DIR)/Micropepys.app/$(BUNDLE_EXECUTABLE_FOLDER_PATH)/Micropepys";
			};
			name = Release;
		};
/* End XCBuildConfiguration section */

/* Begin XCConfigurationList section */
		55A7ED972EBD3A6A00D833F0 /* Build configuration list for PBXProject "Micropepys" */ = {
			isa = XCConfigurationList;
			buildConfigurations = (
				55A7EDBD2EBD3A6C00D833F0 /* Debug */,
				55A7EDBE2EBD3A6C00D833F0 /* Release */,
			);
			defaultConfigurationIsVisible = 0;
			defaultConfigurationName = Release;
		};
		55A7EDBF2EBD3A6C00D833F0 /* Build configuration list for PBXNativeTarget "Micropepys" */ = {
			isa = XCConfigurationList;
			buildConfigurations = (
				55A7EDC02EBD3A6C00D833F0 /* Debug */,
				55A7EDC12EBD3A6C00D833F0 /* Release */,
			);
			defaultConfigurationIsVisible = 0;
			defaultConfigurationName = Release;
		};
		55A7EDC22EBD3A6C00D833F0 /* Build configuration list for PBXNativeTarget "MicropepysTests" */ = {
			isa = XCConfigurationList;
			buildConfigurations = (
				55A7EDC32EBD3A6C00D833F0 /* Debug */,
				55A7EDC42EBD3A6C00D833F0 /* Release */,
			);
			defaultConfigurationIsVisible = 0;
			defaultConfigurationName = Release;
		};
/* End XCConfigurationList section */

/* Begin XCLocalSwiftPackageReference section */
		553A27812F52A59700F9B9B9 /* XCLocalSwiftPackageReference "MicropepysCore" */ = {
			isa = XCLocalSwiftPackageReference;
			relativePath = MicropepysCore;
		};
/* End XCLocalSwiftPackageReference section */

/* Begin XCSwiftPackageProductDependency section */
		553A27832F52A7C800F9B9B9 /* MicropepysCore */ = {
			isa = XCSwiftPackageProductDependency;
			package = 553A27812F52A59700F9B9B9 /* XCLocalSwiftPackageReference "MicropepysCore" */;
			productName = MicropepysCore;
		};
/* End XCSwiftPackageProductDependency section */
	};
	rootObject = 55A7ED942EBD3A6A00D833F0 /* Project object */;
}
